version = 1
requires-python = ">=3.11"
resolution-markers = [
    "python_full_version >= '3.13'",
    "python_full_version < '3.13'",
]

[[package]]
name = "anyio"
version = "4.8.0"
source = { registry = "https://pypi.org/simple" }
dependencies = [
    { name = "idna" },
    { name = "sniffio" },
    { name = "typing-extensions", marker = "python_full_version < '3.13'" },
]
sdist = { url = "https://files.pythonhosted.org/packages/a3/73/199a98fc2dae33535d6b8e8e6ec01f8c1d76c9adb096c6b7d64823038cde/anyio-4.8.0.tar.gz", hash = "sha256:1d9fe889df5212298c0c0723fa20479d1b94883a2df44bd3897aa91083316f7a", size = 181126 }
wheels = [
    { url = "https://files.pythonhosted.org/packages/46/eb/e7f063ad1fec6b3178a3cd82d1a3c4de82cccf283fc42746168188e1cdd5/anyio-4.8.0-py3-none-any.whl", hash = "sha256:b5011f270ab5eb0abf13385f851315585cc37ef330dd88e27ec3d34d651fd47a", size = 96041 },
]

[[package]]
name = "certifi"
version = "2025.1.31"
source = { registry = "https://pypi.org/simple" }
sdist = { url = "https://files.pythonhosted.org/packages/1c/ab/c9f1e32b7b1bf505bf26f0ef697775960db7932abeb7b516de930ba2705f/certifi-2025.1.31.tar.gz", hash = "sha256:3d5da6925056f6f18f119200434a4780a94263f10d1c21d032a6f6b2baa20651", size = 167577 }
wheels = [
    { url = "https://files.pythonhosted.org/packages/38/fc/bce832fd4fd99766c04d1ee0eead6b0ec6486fb100ae5e74c1d91292b982/certifi-2025.1.31-py3-none-any.whl", hash = "sha256:ca78db4565a652026a4db2bcdf68f2fb589ea80d0be70e03929ed730746b84fe", size = 166393 },
]

[[package]]
name = "dnspython"
version = "2.7.0"
source = { registry = "https://pypi.org/simple" }
sdist = { url = "https://files.pythonhosted.org/packages/b5/4a/263763cb2ba3816dd94b08ad3a33d5fdae34ecb856678773cc40a3605829/dnspython-2.7.0.tar.gz", hash = "sha256:ce9c432eda0dc91cf618a5cedf1a4e142651196bbcd2c80e89ed5a907e5cfaf1", size = 345197 }
wheels = [
    { url = "https://files.pythonhosted.org/packages/68/1b/e0a87d256e40e8c888847551b20a017a6b98139178505dc7ffb96f04e954/dnspython-2.7.0-py3-none-any.whl", hash = "sha256:b4c34b7d10b51bcc3a5071e7b8dee77939f1e878477eeecc965e9835f63c6c86", size = 313632 },
]

[[package]]
name = "h11"
version = "0.14.0"
source = { registry = "https://pypi.org/simple" }
sdist = { url = "https://files.pythonhosted.org/packages/f5/38/3af3d3633a34a3316095b39c8e8fb4853a28a536e55d347bd8d8e9a14b03/h11-0.14.0.tar.gz", hash = "sha256:8f19fbbe99e72420ff35c00b27a34cb9937e902a8b810e2c88300c6f0a3b699d", size = 100418 }
wheels = [
    { url = "https://files.pythonhosted.org/packages/95/04/ff642e65ad6b90db43e668d70ffb6736436c7ce41fcc549f4e9472234127/h11-0.14.0-py3-none-any.whl", hash = "sha256:e3fe4ac4b851c468cc8363d500db52c2ead036020723024a109d37346efaa761", size = 58259 },
]

[[package]]
name = "httpcore"
version = "1.0.7"
source = { registry = "https://pypi.org/simple" }
dependencies = [
    { name = "certifi" },
    { name = "h11" },
]
sdist = { url = "https://files.pythonhosted.org/packages/6a/41/d7d0a89eb493922c37d343b607bc1b5da7f5be7e383740b4753ad8943e90/httpcore-1.0.7.tar.gz", hash = "sha256:8551cb62a169ec7162ac7be8d4817d561f60e08eaa485234898414bb5a8a0b4c", size = 85196 }
wheels = [
    { url = "https://files.pythonhosted.org/packages/87/f5/72347bc88306acb359581ac4d52f23c0ef445b57157adedb9aee0cd689d2/httpcore-1.0.7-py3-none-any.whl", hash = "sha256:a3fff8f43dc260d5bd363d9f9cf1830fa3a458b332856f34282de498ed420edd", size = 78551 },
]

[[package]]
name = "httpx"
version = "0.28.1"
source = { registry = "https://pypi.org/simple" }
dependencies = [
    { name = "anyio" },
    { name = "certifi" },
    { name = "httpcore" },
    { name = "idna" },
]
sdist = { url = "https://files.pythonhosted.org/packages/b1/df/48c586a5fe32a0f01324ee087459e112ebb7224f646c0b5023f5e79e9956/httpx-0.28.1.tar.gz", hash = "sha256:75e98c5f16b0f35b567856f597f06ff2270a374470a5c2392242528e3e3e42fc", size = 141406 }
wheels = [
    { url = "https://files.pythonhosted.org/packages/2a/39/e50c7c3a983047577ee07d2a9e53faf5a69493943ec3f6a384bdc792deb2/httpx-0.28.1-py3-none-any.whl", hash = "sha256:d909fcccc110f8c7faf814ca82a9a4d816bc5a6dbfea25d6591d6985b8ba59ad", size = 73517 },
]

[[package]]
name = "idna"
version = "3.10"
source = { registry = "https://pypi.org/simple" }
sdist = { url = "https://files.pythonhosted.org/packages/f1/70/7703c29685631f5a7590aa73f1f1d3fa9a380e654b86af429e0934a32f7d/idna-3.10.tar.gz", hash = "sha256:12f65c9b470abda6dc35cf8e63cc574b1c52b11df2c86030af0ac09b01b13ea9", size = 190490 }
wheels = [
    { url = "https://files.pythonhosted.org/packages/76/c6/c88e154df9c4e1a2a66ccf0005a88dfb2650c1dffb6f5ce603dfbd452ce3/idna-3.10-py3-none-any.whl", hash = "sha256:946d195a0d259cbba61165e88e65941f16e9b36ea6ddb97f00452bae8b1287d3", size = 70442 },
]

[[package]]
name = "pyaes"
version = "1.6.1"
source = { registry = "https://pypi.org/simple" }
sdist = { url = "https://files.pythonhosted.org/packages/44/66/2c17bae31c906613795711fc78045c285048168919ace2220daa372c7d72/pyaes-1.6.1.tar.gz", hash = "sha256:02c1b1405c38d3c370b085fb952dd8bea3fadcee6411ad99f312cc129c536d8f", size = 28536 }

[[package]]
name = "pymongo"
version = "4.11"
source = { registry = "https://pypi.org/simple" }
dependencies = [
    { name = "dnspython" },
]
sdist = { url = "https://files.pythonhosted.org/packages/b4/36/71797b3edfd77f32c79a0ca7e35ec37f0242733224347ed1986d86b12df5/pymongo-4.11.tar.gz", hash = "sha256:21b9969e155c4b16a160fbe90c390a07ca7514479af6c3811b1d15ead26e10ba", size = 2052917 }
wheels = [
    { url = "https://files.pythonhosted.org/packages/0a/cc/9da39b9a2166889af193295ffb3c12d603a0b1fcae648ad158899bd5cb11/pymongo-4.11-cp311-cp311-macosx_10_9_x86_64.whl", hash = "sha256:0197fe47e31bee488e82e7ab73e6a351a191bbd6e25cf4a380622e4b1ffcd143", size = 840483 },
    { url = "https://files.pythonhosted.org/packages/2e/87/7970ccc9524e8e44829668d427b1a3bad1c13c7172b8972bbb8fb7f72bb9/pymongo-4.11-cp311-cp311-macosx_11_0_arm64.whl", hash = "sha256:f300d1811bd33940b2dd1907dbe2b4ae473003a384d6a764babb3ea5a4edede4", size = 840773 },
    { url = "https://files.pythonhosted.org/packages/36/53/fc39f5d07e079d73f653454b6f733a9370061f291f39ef8ff86b99902b2d/pymongo-4.11-cp311-cp311-manylinux_2_17_aarch64.manylinux2014_aarch64.whl", hash = "sha256:212f14a882659a45db472f0bc0fdf83c16fad4e7e4d4257187797779c461320e", size = 1409922 },
    { url = "https://files.pythonhosted.org/packages/10/08/9a445f95c3215bc5fb6f8f977646795c5b4dff7d335da1c02ddb70ceb505/pymongo-4.11-cp311-cp311-manylinux_2_17_x86_64.manylinux2014_x86_64.whl", hash = "sha256:c72165e4ee884c3c9ac85a443f20dd01849c9df26b38ff25b08260330ed78202", size = 1414431 },
    { url = "https://files.pythonhosted.org/packages/2d/c7/fdf53938b25ffc9120ef71181a64307b45aa46ff0cbb306bb9a993f7d94d/pymongo-4.11-cp311-cp311-manylinux_2_5_i686.manylinux1_i686.manylinux_2_17_i686.manylinux2014_i686.whl", hash = "sha256:bedcf4a602042cb2c19ae3ee450fbdd5832095ae5b563e004f7c0d307a22c9e1", size = 1383072 },
    { url = "https://files.pythonhosted.org/packages/20/83/12114777ead3ccf71be90d2e14a00aa875d3c5c09e8281581727fd3ea2dd/pymongo-4.11-cp311-cp311-win32.whl", hash = "sha256:64ad12ae8d79f18ec30d807b9b9b9802c30427c39599d8b1833bc00e63f0e4bb", size = 817647 },
    { url = "https://files.pythonhosted.org/packages/15/e5/e70d1fbe2a72b7d88d8007ab913abaa267187e71391490ca3975836f0d40/pymongo-4.11-cp311-cp311-win_amd64.whl", hash = "sha256:a308ad2eeaee370b3b4154a82840c8f8f9b18ccc76b71812323d243a7bda98a2", size = 831595 },
    { url = "https://files.pythonhosted.org/packages/cd/91/d641d3658adec7f40ec661ae1a6f1588d5adcdbab94241fc15582bdf58d1/pymongo-4.11-cp312-cp312-macosx_10_13_x86_64.whl", hash = "sha256:254aa90fafead13aca8dbcfbc407e2f6f7c125fce726925bd96adc74b6226f9e", size = 895335 },
    { url = "https://files.pythonhosted.org/packages/00/e3/471839c8705ae024d6eb3af65bd2fac85b33561c04048ff846d22d5ed9d4/pymongo-4.11-cp312-cp312-macosx_11_0_arm64.whl", hash = "sha256:e84e27d6fa4b3e532043daf89d52d2cfbd7b4697b44b86a7b3db8cacdcfcc58c", size = 895035 },
    { url = "https://files.pythonhosted.org/packages/50/51/e25c686128abce5b87289056d50d81073470cb59a5f1fd797a136a9c32d9/pymongo-4.11-cp312-cp312-manylinux_2_17_aarch64.manylinux2014_aarch64.whl", hash = "sha256:7ac81987985275abeb53f5faa5c4a7f7890df9368c0f730fe37460a6301d94d7", size = 1673755 },
    { url = "https://files.pythonhosted.org/packages/03/73/e5a8fba8a03df7d4f4223f94507449f075b4c2f239d84302db4dc6f245d7/pymongo-4.11-cp312-cp312-manylinux_2_17_x86_64.manylinux2014_x86_64.whl", hash = "sha256:85cfc99af2ae0fb8699e15b1f3479018216eb75d80f0082973a876ecfdf1022e", size = 1677001 },
    { url = "https://files.pythonhosted.org/packages/f1/56/3e2af56a53e9d5a98da892a88d5a91ea9a731c6b2d7ec3d6d38947685572/pymongo-4.11-cp312-cp312-manylinux_2_5_i686.manylinux1_i686.manylinux_2_17_i686.manylinux2014_i686.whl", hash = "sha256:b885210269455e05f5704887a4c7b3b99d03c9ab37f320005acc21d1761f1656", size = 1636120 },
    { url = "https://files.pythonhosted.org/packages/c9/0d/c9c2d4425d82d4f914f87784bf4369102c3faeee05dfb5b5edf729bad68e/pymongo-4.11-cp312-cp312-win32.whl", hash = "sha256:b7af60e034e04c3206dfbe2a7bbcc46057ca4f9ad8ed66869bf669c02a1e6e99", size = 864006 },
    { url = "https://files.pythonhosted.org/packages/3f/ca/45cc3ab47879cc3be19fb7aa675c88127be4198e09626bc4e4a39357cfe4/pymongo-4.11-cp312-cp312-win_amd64.whl", hash = "sha256:74f02b7dbb3b15c2e48c7bb28941f6198dc73ced09683738180a9fdbfc0983b2", size = 882273 },
    { url = "https://files.pythonhosted.org/packages/56/1b/9150417d1ea05b19447dcb61381a4638db22bbe7616261335b8df60bf317/pymongo-4.11-cp313-cp313-macosx_10_13_x86_64.whl", hash = "sha256:d33c80afcbfdd2934917fedfa005251484ca8d98767c74793c35d5f24b8e48f1", size = 949594 },
    { url = "https://files.pythonhosted.org/packages/b6/f5/40b0b21b469b555de0d33d4a115bd5bfd9cc8933bb82193fb18b0e6cc240/pymongo-4.11-cp313-cp313-macosx_11_0_arm64.whl", hash = "sha256:d4db6f7515f5087ae9deecc3b60d3d8a512b1a0a9bff93113bc9edf20ed29ab9", size = 949273 },
    { url = "https://files.pythonhosted.org/packages/43/d1/3d7a54b5c77789b3f7a5f240dddc4558861cd39bbc890c5b2cd842ab0598/pymongo-4.11-cp313-cp313-manylinux_2_17_aarch64.manylinux2014_aarch64.whl", hash = "sha256:c3a7ead31317d3a3eabc17486c75ad109f3d514a702002e52da474b59dd8acce", size = 1937656 },
    { url = "https://files.pythonhosted.org/packages/29/db/8eb5513aa6754fb91adf3a64a87ae3c6f80474bcbdedd74801d345ff20e9/pymongo-4.11-cp313-cp313-manylinux_2_17_x86_64.manylinux2014_x86_64.whl", hash = "sha256:4c0ab91c06bf79dd3d3fd5f2a53fe22db8036084ddcfaacd80e83828b6eb4f25", size = 1939577 },
    { url = "https://files.pythonhosted.org/packages/b7/ea/6fec3e6011927c0a6ed863cbfa6f7a33f2c67d8691d78088a04606812ac8/pymongo-4.11-cp313-cp313-manylinux_2_5_i686.manylinux1_i686.manylinux_2_17_i686.manylinux2014_i686.whl", hash = "sha256:9a04f49d6f1fa4f4e6a98ef76b4881b4a9c7decd8a90ee5c9aeff087662e2d8a", size = 1889013 },
    { url = "https://files.pythonhosted.org/packages/a6/b0/87011f6427f291f34254f725fda6e8780b4dd18b2af0c0b066094d56bd24/pymongo-4.11-cp313-cp313-win32.whl", hash = "sha256:981ae0caa245bedf9af3af9159ae71b05444e35dd61a0250235b5c58dcd69178", size = 910348 },
    { url = "https://files.pythonhosted.org/packages/92/42/fa3de33777f0394eeb505295b64f961ec97f4e733b465a79aed66e0b3d61/pymongo-4.11-cp313-cp313-win_amd64.whl", hash = "sha256:8e5a56a508612c64906d5375ebee413cee2fc432c09abd9cb4d9e23ac8bcdd3a", size = 932921 },
    { url = "https://files.pythonhosted.org/packages/33/63/5f4d8a877d9e754cc05a96961d9d3200f3c61f5bf1fecc20a39ec5e4431f/pymongo-4.11-cp313-cp313t-macosx_10_13_x86_64.whl", hash = "sha256:c3b67a2949240d63a0b8b1094e1d2d4b94dedf0317ac6e14164adc9aaf260963", size = 1006110 },
    { url = "https://files.pythonhosted.org/packages/ad/32/7bb57a0398174a9807336da529ac8afa8b3e788354bf5cdb40764b420e18/pymongo-4.11-cp313-cp313t-macosx_11_0_arm64.whl", hash = "sha256:17d4b787afed3163e5faa147b028d8ec7996a5388328499588c5c5858f26ab8a", size = 1006098 },
    { url = "https://files.pythonhosted.org/packages/f4/4b/f99c08992aff1acb54836aa7e7e24315f6aa2b91df5a2974d9a7e6fd1fd1/pymongo-4.11-cp313-cp313t-manylinux_2_17_aarch64.manylinux2014_aarch64.whl", hash = "sha256:ae7f636010ce54885f1ea19c37ea2cb744d976ce689361a776fd0e991d020b81", size = 2266363 },
    { url = "https://files.pythonhosted.org/packages/48/26/6a29c4f9eb58716d7cb170e6e3628de34774dfad3fdec870bcc41e076b6c/pymongo-4.11-cp313-cp313t-manylinux_2_17_x86_64.manylinux2014_x86_64.whl", hash = "sha256:c7f2309384de675e7e25104fc5947acb65ad3ba69dc8246095d57ff1220dfcbb", size = 2263760 },
    { url = "https://files.pythonhosted.org/packages/29/d3/6fa17edadba7fd5f68e823d62d484a3ef5a7d48c224cfff3952343bcc2a4/pymongo-4.11-cp313-cp313t-manylinux_2_5_i686.manylinux1_i686.manylinux_2_17_i686.manylinux2014_i686.whl", hash = "sha256:17966e98d0350b578a337f053cc541458c296236d4b5b4b8adb76f5e82644fb8", size = 2202777 },
    { url = "https://files.pythonhosted.org/packages/6e/fa/76ecd623ce046e44a6025a017e0322fbed7db8be11b1e87d721b3108eb2c/pymongo-4.11-cp313-cp313t-win32.whl", hash = "sha256:b7246f2060ba03dcc25ade803bc6a3c39f1cc7db93297875edd251ca8cf5cac7", size = 959225 },
    { url = "https://files.pythonhosted.org/packages/54/0a/c20ef65268514be131860e7d70d4f3892114b6a6e2a3a4a56a9f6aff901b/pymongo-4.11-cp313-cp313t-win_amd64.whl", hash = "sha256:488e3440f5bedcbf494fd02c0a433cb5be7e55ba44dc72202813e1007a865e6a", size = 987846 },
]

[[package]]
name = "pyrogram"
version = "2.0.106"
source = { registry = "https://pypi.org/simple" }
dependencies = [
    { name = "pyaes" },
    { name = "pysocks" },
]
sdist = { url = "https://files.pythonhosted.org/packages/c8/8e/5d09eca17271320bb9a95e50b7e053770aee85b3fd338e8267e7b6b280ae/Pyrogram-2.0.106.tar.gz", hash = "sha256:30202995758fcb6e0f91224704ab7fedefea454297724bd70a6a71a23748c16f", size = 345997 }
wheels = [
    { url = "https://files.pythonhosted.org/packages/37/88/502ec24914d208e06baa6f27ff812f46815bb4f302018ad848ebf518abdf/Pyrogram-2.0.106-py3-none-any.whl", hash = "sha256:32b62b3d93030b1080cbe45b88c0e8790cf4e2179cf3321ede810d48edf97bc7", size = 3573685 },
]

[[package]]
name = "pysocks"
version = "1.7.1"
source = { registry = "https://pypi.org/simple" }
sdist = { url = "https://files.pythonhosted.org/packages/bd/11/293dd436aea955d45fc4e8a35b6ae7270f5b8e00b53cf6c024c83b657a11/PySocks-1.7.1.tar.gz", hash = "sha256:3f8804571ebe159c380ac6de37643bb4685970655d3bba243530d6558b799aa0", size = 284429 }
wheels = [
    { url = "https://files.pythonhosted.org/packages/8d/59/b4572118e098ac8e46e399a1dd0f2d85403ce8bbaad9ec79373ed6badaf9/PySocks-1.7.1-py3-none-any.whl", hash = "sha256:2725bd0a9925919b9b51739eea5f9e2bae91e83288108a9ad338b2e3a4435ee5", size = 16725 },
]

[[package]]
name = "python-dotenv"
version = "1.0.1"
source = { registry = "https://pypi.org/simple" }
sdist = { url = "https://files.pythonhosted.org/packages/bc/57/e84d88dfe0aec03b7a2d4327012c1627ab5f03652216c63d49846d7a6c58/python-dotenv-1.0.1.tar.gz", hash = "sha256:e324ee90a023d808f1959c46bcbc04446a10ced277783dc6ee09987c37ec10ca", size = 39115 }
wheels = [
    { url = "https://files.pythonhosted.org/packages/6a/3e/b68c118422ec867fa7ab88444e1274aa40681c606d59ac27de5a5588f082/python_dotenv-1.0.1-py3-none-any.whl", hash = "sha256:f7b63ef50f1b690dddf550d03497b66d609393b40b564ed0d674909a68ebf16a", size = 19863 },
]

[[package]]
name = "python-telegram-bot"
version = "21.10"
source = { registry = "https://pypi.org/simple" }
dependencies = [
    { name = "httpx" },
]
sdist = { url = "https://files.pythonhosted.org/packages/4b/bc/3a00800cc495e3b4c031c5402faa2fc36b6411438d0fd91175f0c8f59471/python_telegram_bot-21.10.tar.gz", hash = "sha256:40481a8c4814ce2e530a21ce45d389695b0b210c5fb9dc75b8529aba8c9e76f8", size = 438289 }
wheels = [
    { url = "https://files.pythonhosted.org/packages/f3/2f/b0823ff9ff7bca716ff05b8bfb3e1f058e0dd1f89fc8ec838e5467c1ffdd/python_telegram_bot-21.10-py3-none-any.whl", hash = "sha256:c874d2461d6bfa4b05c314cf6116cf1dafe537689aa8249924dd988603b6ba21", size = 669463 },
]

[[package]]
name = "repl-nix-workspace"
version = "0.1.0"
source = { virtual = "." }
dependencies = [
    { name = "pymongo" },
    { name = "pyrogram" },
    { name = "python-dotenv" },
    { name = "python-telegram-bot" },
    { name = "telegram" },
    { name = "tgcrypto" },
]

[package.metadata]
requires-dist = [
    { name = "pymongo", specifier = ">=4.11" },
    { name = "pyrogram", specifier = ">=2.0.106" },
    { name = "python-dotenv", specifier = ">=1.0.1" },
    { name = "python-telegram-bot", specifier = ">=20.0" },
    { name = "telegram", specifier = ">=0.0.1" },
    { name = "tgcrypto", specifier = ">=1.2.5" },
]

[[package]]
name = "sniffio"
version = "1.3.1"
source = { registry = "https://pypi.org/simple" }
sdist = { url = "https://files.pythonhosted.org/packages/a2/87/a6771e1546d97e7e041b6ae58d80074f81b7d5121207425c964ddf5cfdbd/sniffio-1.3.1.tar.gz", hash = "sha256:f4324edc670a0f49750a81b895f35c3adb843cca46f0530f79fc1babb23789dc", size = 20372 }
wheels = [
    { url = "https://files.pythonhosted.org/packages/e9/44/75a9c9421471a6c4805dbf2356f7c181a29c1879239abab1ea2cc8f38b40/sniffio-1.3.1-py3-none-any.whl", hash = "sha256:2f6da418d1f1e0fddd844478f41680e794e6051915791a034ff65e5f100525a2", size = 10235 },
]

[[package]]
name = "telegram"
version = "0.0.1"
source = { registry = "https://pypi.org/simple" }
sdist = { url = "https://files.pythonhosted.org/packages/9d/ca/8bdf2deb93b9f6971dabf2ddc827c2a98ce23e13582a15b37e9bc169f226/telegram-0.0.1.tar.gz", hash = "sha256:d405a0af4c868a8dbeae6d03e297e21c7ee6269e11e2ed3810e15544aba02591", size = 879 }

[[package]]
name = "tgcrypto"
version = "1.2.5"
source = { registry = "https://pypi.org/simple" }
sdist = { url = "https://files.pythonhosted.org/packages/33/59/7cf5ced989e3139a791d5452d58cb8994de589576b80f9267ba76d794f6c/TgCrypto-1.2.5.tar.gz", hash = "sha256:9bc2cac6fb9a12ef5b08f3dd500174fe374d89b660cce981f57e3138559cb682", size = 37280 }
wheels = [
    { url = "https://files.pythonhosted.org/packages/48/e6/07dc413e57f3677e0b887975b174d9cbc8170e92651dd35a784da9571d5f/TgCrypto-1.2.5-cp311-cp311-macosx_10_9_universal2.whl", hash = "sha256:59597cdb1c87eb1184088563d20b42a8f2e431e9334fed64926079044ad2a4af", size = 58988 },
    { url = "https://files.pythonhosted.org/packages/c1/fe/a418223ff6079184f50f5ad8c2dac37ec40adbb42b886c3ee44fdba2a540/TgCrypto-1.2.5-cp311-cp311-macosx_10_9_x86_64.whl", hash = "sha256:1283337ae75b02406dd700377b8b783e70033b548492517df6e6c4156b0ed69c", size = 43347 },
    { url = "https://files.pythonhosted.org/packages/39/0e/e861a9987c6d9d3ae04d156732311e018558f862490c466c369d73094807/TgCrypto-1.2.5-cp311-cp311-macosx_11_0_arm64.whl", hash = "sha256:1735437df0023a40e5fdd95e6b09ce806ec8f2cd2f8879023818840dfae60cab", size = 43123 },
    { url = "https://files.pythonhosted.org/packages/0d/ce/d60e249ac4d31d591f4c8ca76e7bd537f4c54f1947b400a14ac3a1678b09/TgCrypto-1.2.5-cp311-cp311-manylinux_2_17_x86_64.manylinux2014_x86_64.whl", hash = "sha256:cfa17a20206532c6d2442c9d7a7f6434120bd75896ad9a3e9b9277477afa084f", size = 60713 },
    { url = "https://files.pythonhosted.org/packages/27/55/50f81b1a557bd8f9b73f7fcda2381f8826665858750968394ceec0b01282/TgCrypto-1.2.5-cp311-cp311-manylinux_2_5_i686.manylinux1_i686.manylinux_2_17_i686.manylinux2014_i686.whl", hash = "sha256:48da3674474839e5619e7430ff1f98aed9f55369f3cfaef7f65511852869572e", size = 60418 },
    { url = "https://files.pythonhosted.org/packages/f3/55/7f5f5a024b71ef81b07c3fe15e79d03b634eb349b04bc79a62c8c3ed3376/TgCrypto-1.2.5-cp311-cp311-musllinux_1_1_i686.whl", hash = "sha256:b49e982e5b156be821a5235bd9102c00dc506a58607e2c8bd50ac872724a951f", size = 64397 },
    { url = "https://files.pythonhosted.org/packages/76/3e/8f059edce82de8ebbc1e513076c0f65a86fac95887fae21ae087440ef23a/TgCrypto-1.2.5-cp311-cp311-musllinux_1_1_x86_64.whl", hash = "sha256:9d9f13586065a6d86d05c16409054033a84be208acee29b49f6f194e27b08642", size = 64436 },
    { url = "https://files.pythonhosted.org/packages/eb/87/fe894eb7c4cce4b6f710223c24e0ca22f4107fe46f3f56091ceabd482de7/TgCrypto-1.2.5-cp311-cp311-win32.whl", hash = "sha256:10dd3870aecb1a783c6eafd3b164b2149dbc93a9ee13feb7e6f5c58f87c24cd0", size = 44723 },
    { url = "https://files.pythonhosted.org/packages/c1/fc/b918235b19b70a45f4a596c773fad2c379d941d2ac5005293e2ee18bdc63/TgCrypto-1.2.5-cp311-cp311-win_amd64.whl", hash = "sha256:a1beec47d6af8b509af7cf266e30f7703208076076594714005b42d2c25225b3", size = 45073 },
]

[[package]]
name = "typing-extensions"
version = "4.12.2"
source = { registry = "https://pypi.org/simple" }
sdist = { url = "https://files.pythonhosted.org/packages/df/db/f35a00659bc03fec321ba8bce9420de607a1d37f8342eee1863174c69557/typing_extensions-4.12.2.tar.gz", hash = "sha256:1a7ead55c7e559dd4dee8856e3a88b41225abfe1ce8df57b7c13915fe121ffb8", size = 85321 }
wheels = [
    { url = "https://files.pythonhosted.org/packages/26/9f/ad63fc0248c5379346306f8668cda6e2e2e9c95e01216d2b8ffd9ff037d0/typing_extensions-4.12.2-py3-none-any.whl", hash = "sha256:04e5ca0351e0f3f85c6853954072df659d0d13fac324d0072316b67d7794700d", size = 37438 },
]
